
Microsoft Visual Studio Solution File, Format Version 12.00
# Visual Studio Version 17
VisualStudioVersion = 17.0.32112.339
MinimumVisualStudioVersion = 10.0.40219.1
Project("{9A19103F-16F7-4668-BE54-9A1E7A4F7556}") = "IngenicoLaneReceiptParser", "IngenicoLaneReceiptParser\IngenicoLaneReceiptParser.csproj", "{8C37123D-68D2-4F9C-8DAB-A679F72DA18E}"
EndProject
Project("{FAE04EC0-301F-11D3-BF4B-00C04F79EFBC}") = "IngenicoLaneReceiptParserTests", "IngenicoLaneReceiptParserTests\IngenicoLaneReceiptParserTests.csproj", "{8B8716B4-B2D4-4D74-B20E-DC9E1672AB63}"
EndProject
Global
	GlobalSection(SolutionConfigurationPlatforms) = preSolution
		Debug|Any CPU = Debug|Any CPU
		Release|Any CPU = Release|Any CPU
	EndGlobalSection
	GlobalSection(ProjectConfigurationPlatforms) = postSolution
		{8C37123D-68D2-4F9C-8DAB-A679F72DA18E}.Debug|Any CPU.ActiveCfg = Debug|Any CPU
		{8C37123D-68D2-4F9C-8DAB-A679F72DA18E}.Debug|Any CPU.Build.0 = Debug|Any CPU
		{8C37123D-68D2-4F9C-8DAB-A679F72DA18E}.Release|Any CPU.ActiveCfg = Release|Any CPU
		{8C37123D-68D2-4F9C-8DAB-A679F72DA18E}.Release|Any CPU.Build.0 = Release|Any CPU
		{8B8716B4-B2D4-4D74-B20E-DC9E1672AB63}.Debug|Any CPU.ActiveCfg = Debug|Any CPU
		{8B8716B4-B2D4-4D74-B20E-DC9E1672AB63}.Debug|Any CPU.Build.0 = Debug|Any CPU
		{8B8716B4-B2D4-4D74-B20E-DC9E1672AB63}.Release|Any CPU.ActiveCfg = Release|Any CPU
		{8B8716B4-B2D4-4D74-B20E-DC9E1672AB63}.Release|Any CPU.Build.0 = Release|Any CPU
	EndGlobalSection
	GlobalSection(SolutionProperties) = preSolution
		HideSolutionNode = FALSE
	EndGlobalSection
	GlobalSection(ExtensibilityGlobals) = postSolution
		SolutionGuid = {94282D77-7703-4DED-BAC2-B20CEFFCB751}
	EndGlobalSection
EndGlobal
